// !$*UTF8*$!
{
	archiveVersion = 1;
	classes = {
	};
	objectVersion = 53;
	objects = {

/* Begin PBXBuildFile section */
		120443AB27F5EB4C00241957 /* ViewController.swift in Sources */ = {isa = PBXBuildFile; fileRef = 120443AA27F5EB4C00241957 /* ViewController.swift */; };
		120443AD27F5EB7200241957 /* TableViewHeader.swift in Sources */ = {isa = PBXBuildFile; fileRef = 120443AC27F5EB7200241957 /* TableViewHeader.swift */; };
		126F27A627E0F92100A7E646 /* AppDelegate.swift in Sources */ = {isa = PBXBuildFile; fileRef = 126F27A527E0F92100A7E646 /* AppDelegate.swift */; };
		126F27A827E0F92100A7E646 /* SceneDelegate.swift in Sources */ = {isa = PBXBuildFile; fileRef = 126F27A727E0F92100A7E646 /* SceneDelegate.swift */; };
		126F27AF27E0F92300A7E646 /* Assets.xcassets in Resources */ = {isa = PBXBuildFile; fileRef = 126F27AE27E0F92300A7E646 /* Assets.xcassets */; };
		126F27B227E0F92300A7E646 /* LaunchScreen.storyboard in Resources */ = {isa = PBXBuildFile; fileRef = 126F27B027E0F92300A7E646 /* LaunchScreen.storyboard */; };
		126F27C627E0FB9B00A7E646 /* CategoryModel.swift in Sources */ = {isa = PBXBuildFile; fileRef = 126F27C527E0FB9B00A7E646 /* CategoryModel.swift */; };
		12DC1A7F27F33B32003AF911 /* ItemModel.swift in Sources */ = {isa = PBXBuildFile; fileRef = 12DC1A7E27F33B31003AF911 /* ItemModel.swift */; };
/* End PBXBuildFile section */

/* Begin PBXFileReference section */
		120443AA27F5EB4C00241957 /* ViewController.swift */ = {isa = PBXFileReference; lastKnownFileType = sourcecode.swift; path = ViewController.swift; sourceTree = "<group>"; };
		120443AC27F5EB7200241957 /* TableViewHeader.swift */ = {isa = PBXFileReference; lastKnownFileType = sourcecode.swift; path = TableViewHeader.swift; sourceTree = "<group>"; };
		126F27A227E0F92100A7E646 /* Lesson_8.app */ = {isa = PBXFileReference; explicitFileType = wrapper.application; includeInIndex = 0; path = Lesson_8.app; sourceTree = BUILT_PRODUCTS_DIR; };
		126F27A527E0F92100A7E646 /* AppDelegate.swift */ = {isa = PBXFileReference; lastKnownFileType = sourcecode.swift; path = AppDelegate.swift; sourceTree = "<group>"; };
		126F27A727E0F92100A7E646 /* SceneDelegate.swift */ = {isa = PBXFileReference; lastKnownFileType = sourcecode.swift; path = SceneDelegate.swift; sourceTree = "<group>"; };
		126F27AE27E0F92300A7E646 /* Assets.xcassets */ = {isa = PBXFileReference; lastKnownFileType = folder.assetcatalog; path = Assets.xcassets; sourceTree = "<group>"; };
		126F27B127E0F92300A7E646 /* Base */ = {isa = PBXFileReference; lastKnownFileType = file.storyboard; name = Base; path = Base.lproj/LaunchScreen.storyboard; sourceTree = "<group>"; };
		126F27B327E0F92300A7E646 /* Info.plist */ = {isa = PBXFileReference; lastKnownFileType = text.plist.xml; path = Info.plist; sourceTree = "<group>"; };
		126F27C527E0FB9B00A7E646 /* CategoryModel.swift */ = {isa = PBXFileReference; fileEncoding = 4; lastKnownFileType = sourcecode.swift; path = CategoryModel.swift; sourceTree = "<group>"; };
		12DC1A7E27F33B31003AF911 /* ItemModel.swift */ = {isa = PBXFileReference; lastKnownFileType = sourcecode.swift; path = ItemModel.swift; sourceTree = "<group>"; };
/* End PBXFileReference section */

/* Begin PBXFrameworksBuildPhase section */
		126F279F27E0F92100A7E646 /* Frameworks */ = {
			isa = PBXFrameworksBuildPhase;
			buildActionMask = 2147483647;
			files = (
			);
			runOnlyForDeploymentPostprocessing = 0;
		};
/* End PBXFrameworksBuildPhase section */

/* Begin PBXGroup section */
		1218413B27F6774900BD8018 /* View Controller */ = {
			isa = PBXGroup;
			children = (
				120443AA27F5EB4C00241957 /* ViewController.swift */,
				120443AC27F5EB7200241957 /* TableViewHeader.swift */,
			);
			path = "View Controller";
			sourceTree = "<group>";
		};
		1218413C27F6775900BD8018 /* System */ = {
			isa = PBXGroup;
			children = (
				126F27A527E0F92100A7E646 /* AppDelegate.swift */,
				126F27A727E0F92100A7E646 /* SceneDelegate.swift */,
			);
			path = System;
			sourceTree = "<group>";
		};
		126F279927E0F92100A7E646 = {
			isa = PBXGroup;
			children = (
				126F27A427E0F92100A7E646 /* Lesson_8 */,
				126F27A327E0F92100A7E646 /* Products */,
			);
			sourceTree = "<group>";
		};
		126F27A327E0F92100A7E646 /* Products */ = {
			isa = PBXGroup;
			children = (
				126F27A227E0F92100A7E646 /* Lesson_8.app */,
			);
			name = Products;
			sourceTree = "<group>";
		};
		126F27A427E0F92100A7E646 /* Lesson_8 */ = {
			isa = PBXGroup;
			children = (
				1218413C27F6775900BD8018 /* System */,
				1218413B27F6774900BD8018 /* View Controller */,
				12DC1A8027F33BAC003AF911 /* Model */,
				126F27AE27E0F92300A7E646 /* Assets.xcassets */,
				126F27B027E0F92300A7E646 /* LaunchScreen.storyboard */,
				126F27B327E0F92300A7E646 /* Info.plist */,
			);
			path = Lesson_8;
			sourceTree = "<group>";
		};
		12DC1A8027F33BAC003AF911 /* Model */ = {
			isa = PBXGroup;
			children = (
				126F27C527E0FB9B00A7E646 /* CategoryModel.swift */,
				12DC1A7E27F33B31003AF911 /* ItemModel.swift */,
			);
			path = Model;
			sourceTree = "<group>";
		};
/* End PBXGroup section */

/* Begin PBXNativeTarget section */
		126F27A127E0F92100A7E646 /* Lesson_8 */ = {
			isa = PBXNativeTarget;
			buildConfigurationList = 126F27B627E0F92300A7E646 /* Build configuration list for PBXNativeTarget "Lesson_8" */;
			buildPhases = (
				126F279E27E0F92100A7E646 /* Sources */,
				126F279F27E0F92100A7E646 /* Frameworks */,
				126F27A027E0F92100A7E646 /* Resources */,
			);
			buildRules = (
			);
			dependencies = (
			);
			name = Lesson_8;
			productName = Lesson_8;
			productReference = 126F27A227E0F92100A7E646 /* Lesson_8.app */;
			productType = "com.apple.product-type.application";
		};
/* End PBXNativeTarget section */

/* Begin PBXProject section */
		126F279A27E0F92100A7E646 /* Project object */ = {
			isa = PBXProject;
			attributes = {
				BuildIndependentTargetsInParallel = 1;
				LastSwiftUpdateCheck = 1330;
				LastUpgradeCheck = 1330;
				TargetAttributes = {
					126F27A127E0F92100A7E646 = {
						CreatedOnToolsVersion = 13.3;
					};
				};
			};
			buildConfigurationList = 126F279D27E0F92100A7E646 /* Build configuration list for PBXProject "Lesson_8" */;
			compatibilityVersion = "Xcode 9.3";
			developmentRegion = en;
			hasScannedForEncodings = 0;
			knownRegions = (
				en,
				Base,
			);
			mainGroup = 126F279927E0F92100A7E646;
			productRefGroup = 126F27A327E0F92100A7E646 /* Products */;
			projectDirPath = "";
			projectRoot = "";
			targets = (
				126F27A127E0F92100A7E646 /* Lesson_8 */,
			);
		};
/* End PBXProject section */

/* Begin PBXResourcesBuildPhase section */
		126F27A027E0F92100A7E646 /* Resources */ = {
			isa = PBXResourcesBuildPhase;
			buildActionMask = 2147483647;
			files = (
				126F27B227E0F92300A7E646 /* LaunchScreen.storyboard in Resources */,
				126F27AF27E0F92300A7E646 /* Assets.xcassets in Resources */,
			);
			runOnlyForDeploymentPostprocessing = 0;
		};
/* End PBXResourcesBuildPhase section */

/* Begin PBXSourcesBuildPhase section */
		126F279E27E0F92100A7E646 /* Sources */ = {
			isa = PBXSourcesBuildPhase;
			buildActionMask = 2147483647;
			files = (
				12DC1A7F27F33B32003AF911 /* ItemModel.swift in Sources */,
				126F27A627E0F92100A7E646 /* AppDelegate.swift in Sources */,
				126F27A827E0F92100A7E646 /* SceneDelegate.swift in Sources */,
				126F27C627E0FB9B00A7E646 /* CategoryModel.swift in Sources */,
				120443AB27F5EB4C00241957 /* ViewController.swift in Sources */,
				120443AD27F5EB7200241957 /* TableViewHeader.swift in Sources */,
			);
			runOnlyForDeploymentPostprocessing = 0;
		};
/* End PBXSourcesBuildPhase section */

/* Begin PBXVariantGroup section */
		126F27B027E0F92300A7E646 /* LaunchScreen.storyboard */ = {
			isa = PBXVariantGroup;
			children = (
				126F27B127E0F92300A7E646 /* Base */,
			);
			name = LaunchScreen.storyboard;
			sourceTree = "<group>";
		};
/* End PBXVariantGroup section */

/* Begin XCBuildConfiguration section */
		126F27B427E0F92300A7E646 /* Debug */ = {
			isa = XCBuildConfiguration;
			buildSettings = {
				ALWAYS_SEARCH_USER_PATHS = NO;
				CLANG_ANALYZER_NONNULL = YES;
				CLANG_ANALYZER_NUMBER_OBJECT_CONVERSION = YES_AGGRESSIVE;
				CLANG_CXX_LANGUAGE_STANDARD = "gnu++17";
				CLANG_ENABLE_MODULES = YES;
				CLANG_ENABLE_OBJC_ARC = YES;
				CLANG_ENABLE_OBJC_WEAK = YES;
				CLANG_WARN_BLOCK_CAPTURE_AUTORELEASING = YES;
				CLANG_WARN_BOOL_CONVERSION = YES;
				CLANG_WARN_COMMA = YES;
				CLANG_WARN_CONSTANT_CONVERSION = YES;
				CLANG_WARN_DEPRECATED_OBJC_IMPLEMENTATIONS = YES;
				CLANG_WARN_DIRECT_OBJC_ISA_USAGE = YES_ERROR;
				CLANG_WARN_DOCUMENTATION_COMMENTS = YES;
				CLANG_WARN_EMPTY_BODY = YES;
				CLANG_WARN_ENUM_CONVERSION = YES;
				CLANG_WARN_INFINITE_RECURSION = YES;
				CLANG_WARN_INT_CONVERSION = YES;
				CLANG_WARN_NON_LITERAL_NULL_CONVERSION = YES;
				CLANG_WARN_OBJC_IMPLICIT_RETAIN_SELF = YES;
				CLANG_WARN_OBJC_LITERAL_CONVERSION = YES;
				CLANG_WARN_OBJC_ROOT_CLASS = YES_ERROR;
				CLANG_WARN_QUOTED_INCLUDE_IN_FRAMEWORK_HEADER = YES;
				CLANG_WARN_RANGE_LOOP_ANALYSIS = YES;
				CLANG_WARN_STRICT_PROTOTYPES = YES;
				CLANG_WARN_SUSPICIOUS_MOVE = YES;
				CLANG_WARN_UNGUARDED_AVAILABILITY = YES_AGGRESSIVE;
				CLANG_WARN_UNREACHABLE_CODE = YES;
				CLANG_WARN__DUPLICATE_METHOD_MATCH = YES;
				COPY_PHASE_STRIP = NO;
				DEBUG_INFORMATION_FORMAT = dwarf;
				ENABLE_STRICT_OBJC_MSGSEND = YES;
				ENABLE_TESTABILITY = YES;
				GCC_C_LANGUAGE_STANDARD = gnu11;
				GCC_DYNAMIC_NO_PIC = NO;
				GCC_NO_COMMON_BLOCKS = YES;
				GCC_OPTIMIZATION_LEVEL = 0;
				GCC_PREPROCESSOR_DEFINITIONS = (
					"DEBUG=1",
					"$(inherited)",
				);
				GCC_WARN_64_TO_32_BIT_CONVERSION = YES;
				GCC_WARN_ABOUT_RETURN_TYPE = YES_ERROR;
				GCC_WARN_UNDECLARED_SELECTOR = YES;
				GCC_WARN_UNINITIALIZED_AUTOS = YES_AGGRESSIVE;
				GCC_WARN_UNUSED_FUNCTION = YES;
				GCC_WARN_UNUSED_VARIABLE = YES;
				IPHONEOS_DEPLOYMENT_TARGET = 15.4;
				MTL_ENABLE_DEBUG_INFO = INCLUDE_SOURCE;
				MTL_FAST_MATH = YES;
				ONLY_ACTIVE_ARCH = YES;
				SDKROOT = iphoneos;
				SWIFT_ACTIVE_COMPILATION_CONDITIONS = DEBUG;
				SWIFT_OPTIMIZATION_LEVEL = "-Onone";
			};
			name = Debug;
		};
		126F27B527E0F92300A7E646 /* Release */ = {
			isa = XCBuildConfiguration;
			buildSettings = {
				ALWAYS_SEARCH_USER_PATHS = NO;
				CLANG_ANALYZER_NONNULL = YES;
				CLANG_ANALYZER_NUMBER_OBJECT_CONVERSION = YES_AGGRESSIVE;
				CLANG_CXX_LANGUAGE_STANDARD = "gnu++17";
				CLANG_ENABLE_MODULES = YES;
				CLANG_ENABLE_OBJC_ARC = YES;
				CLANG_ENABLE_OBJC_WEAK = YES;
				CLANG_WARN_BLOCK_CAPTURE_AUTORELEASING = YES;
				CLANG_WARN_BOOL_CONVERSION = YES;
				CLANG_WARN_COMMA = YES;
				CLANG_WARN_CONSTANT_CONVERSION = YES;
				CLANG_WARN_DEPRECATED_OBJC_IMPLEMENTATIONS = YES;
				CLANG_WARN_DIRECT_OBJC_ISA_USAGE = YES_ERROR;
				CLANG_WARN_DOCUMENTATION_COMMENTS = YES;
				CLANG_WARN_EMPTY_BODY = YES;
				CLANG_WARN_ENUM_CONVERSION = YES;
				CLANG_WARN_INFINITE_RECURSION = YES;
				CLANG_WARN_INT_CONVERSION = YES;
				CLANG_WARN_NON_LITERAL_NULL_CONVERSION = YES;
				CLANG_WARN_OBJC_IMPLICIT_RETAIN_SELF = YES;
				CLANG_WARN_OBJC_LITERAL_CONVERSION = YES;
				CLANG_WARN_OBJC_ROOT_CLASS = YES_ERROR;
				CLANG_WARN_QUOTED_INCLUDE_IN_FRAMEWORK_HEADER = YES;
				CLANG_WARN_RANGE_LOOP_ANALYSIS = YES;
				CLANG_WARN_STRICT_PROTOTYPES = YES;
				CLANG_WARN_SUSPICIOUS_MOVE = YES;
				CLANG_WARN_UNGUARDED_AVAILABILITY = YES_AGGRESSIVE;
				CLANG_WARN_UNREACHABLE_CODE = YES;
				CLANG_WARN__DUPLICATE_METHOD_MATCH = YES;
				COPY_PHASE_STRIP = NO;
				DEBUG_INFORMATION_FORMAT = "dwarf-with-dsym";
				ENABLE_NS_ASSERTIONS = NO;
				ENABLE_STRICT_OBJC_MSGSEND = YES;
				GCC_C_LANGUAGE_STANDARD = gnu11;
				GCC_NO_COMMON_BLOCKS = YES;
				GCC_WARN_64_TO_32_BIT_CONVERSION = YES;
				GCC_WARN_ABOUT_RETURN_TYPE = YES_ERROR;
				GCC_WARN_UNDECLARED_SELECTOR = YES;
				GCC_WARN_UNINITIALIZED_AUTOS = YES_AGGRESSIVE;
				GCC_WARN_UNUSED_FUNCTION = YES;
				GCC_WARN_UNUSED_VARIABLE = YES;
				IPHONEOS_DEPLOYMENT_TARGET = 15.4;
				MTL_ENABLE_DEBUG_INFO = NO;
				MTL_FAST_MATH = YES;
				SDKROOT = iphoneos;
				SWIFT_COMPILATION_MODE = wholemodule;
				SWIFT_OPTIMIZATION_LEVEL = "-O";
				VALIDATE_PRODUCT = YES;
			};
			name = Release;
		};
		126F27B727E0F92300A7E646 /* Debug */ = {
			isa = XCBuildConfiguration;
			buildSettings = {
				ASSETCATALOG_COMPILER_APPICON_NAME = AppIcon;
				ASSETCATALOG_COMPILER_GLOBAL_ACCENT_COLOR_NAME = AccentColor;
				CODE_SIGN_STYLE = Automatic;
				CURRENT_PROJECT_VERSION = 1;
				DEVELOPMENT_TEAM = 6888952VPD;
				GENERATE_INFOPLIST_FILE = YES;
				INFOPLIST_FILE = Lesson_8/Info.plist;
				INFOPLIST_KEY_UIApplicationSupportsIndirectInputEvents = YES;
				INFOPLIST_KEY_UILaunchStoryboardName = LaunchScreen;
				INFOPLIST_KEY_UISupportedInterfaceOrientations_iPad = "UIInterfaceOrientationPortrait UIInterfaceOrientationPortraitUpsideDown UIInterfaceOrientationLandscapeLeft UIInterfaceOrientationLandscapeRight";
				INFOPLIST_KEY_UISupportedInterfaceOrientations_iPhone = "UIInterfaceOrientationPortrait UIInterfaceOrientationLandscapeLeft UIInterfaceOrientationLandscapeRight";
				IPHONEOS_DEPLOYMENT_TARGET = 15.0;
				LD_RUNPATH_SEARCH_PATHS = (
					"$(inherited)",
					"@executable_path/Frameworks",
				);
				MARKETING_VERSION = 1.0;
				PRODUCT_BUNDLE_IDENTIFIER = "ru.mikaz.Lesson-8";
				PRODUCT_NAME = "$(TARGET_NAME)";
				SWIFT_EMIT_LOC_STRINGS = YES;
				SWIFT_VERSION = 5.0;
				TARGETED_DEVICE_FAMILY = "1,2";
			};
			name = Debug;
		};
		126F27B827E0F92300A7E646 /* Release */ = {
			isa = XCBuildConfiguration;
			buildSettings = {
				ASSETCATALOG_COMPILER_APPICON_NAME = AppIcon;
				ASSETCATALOG_COMPILER_GLOBAL_ACCENT_COLOR_NAME = AccentColor;
				CODE_SIGN_STYLE = Automatic;
				CURRENT_PROJECT_VERSION = 1;
				DEVELOPMENT_TEAM = 6888952VPD;
				GENERATE_INFOPLIST_FILE = YES;
				INFOPLIST_FILE = Lesson_8/Info.plist;
				INFOPLIST_KEY_UIApplicationSupportsIndirectInputEvents = YES;
				INFOPLIST_KEY_UILaunchStoryboardName = LaunchScreen;
				INFOPLIST_KEY_UISupportedInterfaceOrientations_iPad = "UIInterfaceOrientationPortrait UIInterfaceOrientationPortraitUpsideDown UIInterfaceOrientationLandscapeLeft UIInterfaceOrientationLandscapeRight";
				INFOPLIST_KEY_UISupportedInterfaceOrientations_iPhone = "UIInterfaceOrientationPortrait UIInterfaceOrientationLandscapeLeft UIInterfaceOrientationLandscapeRight";
				IPHONEOS_DEPLOYMENT_TARGET = 15.0;
				LD_RUNPATH_SEARCH_PATHS = (
					"$(inherited)",
					"@executable_path/Frameworks",
				);
				MARKETING_VERSION = 1.0;
				PRODUCT_BUNDLE_IDENTIFIER = "ru.mikaz.Lesson-8";
				PRODUCT_NAME = "$(TARGET_NAME)";
				SWIFT_EMIT_LOC_STRINGS = YES;
				SWIFT_VERSION = 5.0;
				TARGETED_DEVICE_FAMILY = "1,2";
			};
			name = Release;
		};
/* End XCBuildConfiguration section */

/* Begin XCConfigurationList section */
		126F279D27E0F92100A7E646 /* Build configuration list for PBXProject "Lesson_8" */ = {
			isa = XCConfigurationList;
			buildConfigurations = (
				126F27B427E0F92300A7E646 /* Debug */,
				126F27B527E0F92300A7E646 /* Release */,
			);
			defaultConfigurationIsVisible = 0;
			defaultConfigurationName = Release;
		};
		126F27B627E0F92300A7E646 /* Build configuration list for PBXNativeTarget "Lesson_8" */ = {
			isa = XCConfigurationList;
			buildConfigurations = (
				126F27B727E0F92300A7E646 /* Debug */,
				126F27B827E0F92300A7E646 /* Release */,
			);
			defaultConfigurationIsVisible = 0;
			defaultConfigurationName = Release;
		};
/* End XCConfigurationList section */
	};
	rootObject = 126F279A27E0F92100A7E646 /* Project object */;
}
